// !$*UTF8*$!
{
	archiveVersion = 1;
	classes = {
	};
	objectVersion = 55;
	objects = {

/* Begin PBXBuildFile section */
		CB0F61D527E5E43C008A9AFF /* DetailMedicinasView.swift in Sources */ = {isa = PBXBuildFile; fileRef = CB0F61D427E5E43C008A9AFF /* DetailMedicinasView.swift */; };
		CB0F61D727E5E5FF008A9AFF /* DetailMedicinasVM.swift in Sources */ = {isa = PBXBuildFile; fileRef = CB0F61D627E5E5FF008A9AFF /* DetailMedicinasVM.swift */; };
		CB0F61DB27E60769008A9AFF /* DateFormat.swift in Sources */ = {isa = PBXBuildFile; fileRef = CB0F61DA27E60769008A9AFF /* DateFormat.swift */; };
		CB0F61DD27E60FB0008A9AFF /* Notifications.swift in Sources */ = {isa = PBXBuildFile; fileRef = CB0F61DC27E60FB0008A9AFF /* Notifications.swift */; };
		CB0F61DF27E623D2008A9AFF /* AlertView.swift in Sources */ = {isa = PBXBuildFile; fileRef = CB0F61DE27E623D2008A9AFF /* AlertView.swift */; };
		CB218D0B27BAD02400A719D8 /* MedicinasListView.swift in Sources */ = {isa = PBXBuildFile; fileRef = CB218D0A27BAD02400A719D8 /* MedicinasListView.swift */; };
		CB32826227EE6F3200CA70B1 /* DetalleMedicinaApiView.swift in Sources */ = {isa = PBXBuildFile; fileRef = CB32826127EE6F3200CA70B1 /* DetalleMedicinaApiView.swift */; };
		CB32826427EE735E00CA70B1 /* ImageViewSlider.swift in Sources */ = {isa = PBXBuildFile; fileRef = CB32826327EE735E00CA70B1 /* ImageViewSlider.swift */; };
		CB32826627EE753500CA70B1 /* ImageSliderVM.swift in Sources */ = {isa = PBXBuildFile; fileRef = CB32826527EE753500CA70B1 /* ImageSliderVM.swift */; };
		CB4E444527FDDA4200506F6A /* KeyboardVM.swift in Sources */ = {isa = PBXBuildFile; fileRef = CB4E444427FDDA4200506F6A /* KeyboardVM.swift */; };
		CB4E444727FDE2F000506F6A /* KeyboardButtons.swift in Sources */ = {isa = PBXBuildFile; fileRef = CB4E444627FDE2F000506F6A /* KeyboardButtons.swift */; };
		CB7CAD9727A09D0A0009DAC7 /* Extensiones.swift in Sources */ = {isa = PBXBuildFile; fileRef = CB7CAD9627A09D0A0009DAC7 /* Extensiones.swift */; };
		CBAD930D27CB88D700273D5E /* MedicinasAPIView.swift in Sources */ = {isa = PBXBuildFile; fileRef = CBAD930C27CB88D600273D5E /* MedicinasAPIView.swift */; };
		CBAD930F27CB88FC00273D5E /* MedicinasAPIVM.swift in Sources */ = {isa = PBXBuildFile; fileRef = CBAD930E27CB88FC00273D5E /* MedicinasAPIVM.swift */; };
		CBAE85EF27A049C600E95536 /* PillAppApp.swift in Sources */ = {isa = PBXBuildFile; fileRef = CBAE85EE27A049C600E95536 /* PillAppApp.swift */; };
		CBAE85F327A049C900E95536 /* Assets.xcassets in Resources */ = {isa = PBXBuildFile; fileRef = CBAE85F227A049C900E95536 /* Assets.xcassets */; };
		CBAE85F627A049C900E95536 /* Preview Assets.xcassets in Resources */ = {isa = PBXBuildFile; fileRef = CBAE85F527A049C900E95536 /* Preview Assets.xcassets */; };
		CBAE85F827A049C900E95536 /* Persistence.swift in Sources */ = {isa = PBXBuildFile; fileRef = CBAE85F727A049C900E95536 /* Persistence.swift */; };
		CBAE85FB27A049C900E95536 /* PillApp.xcdatamodeld in Sources */ = {isa = PBXBuildFile; fileRef = CBAE85F927A049C900E95536 /* PillApp.xcdatamodeld */; };
		CBAE860227A0501A00E95536 /* ContentView.swift in Sources */ = {isa = PBXBuildFile; fileRef = CBAE860127A0501A00E95536 /* ContentView.swift */; };
		CBAE860827A053F600E95536 /* Model.swift in Sources */ = {isa = PBXBuildFile; fileRef = CBAE860727A053F600E95536 /* Model.swift */; };
		CBAE860A27A0546E00E95536 /* MedicinasView.swift in Sources */ = {isa = PBXBuildFile; fileRef = CBAE860927A0546E00E95536 /* MedicinasView.swift */; };
		CBAE860C27A0547900E95536 /* MedicinasViewModel.swift in Sources */ = {isa = PBXBuildFile; fileRef = CBAE860B27A0547900E95536 /* MedicinasViewModel.swift */; };
		CBAE861227A0584800E95536 /* DayPickerView.swift in Sources */ = {isa = PBXBuildFile; fileRef = CBAE861127A0584800E95536 /* DayPickerView.swift */; };
		CBAE861527A0587300E95536 /* DayPickerVM.swift in Sources */ = {isa = PBXBuildFile; fileRef = CBAE861427A0587300E95536 /* DayPickerVM.swift */; };
		CBF6FFE027F49C0600D2CF14 /* PdfReader.swift in Sources */ = {isa = PBXBuildFile; fileRef = CBF6FFDF27F49C0600D2CF14 /* PdfReader.swift */; };
		CBF6FFE227F49F5100D2CF14 /* PdfView.swift in Sources */ = {isa = PBXBuildFile; fileRef = CBF6FFE127F49F5100D2CF14 /* PdfView.swift */; };
		CBF7161A27E7590D00A96AFD /* MedicinaView.swift in Sources */ = {isa = PBXBuildFile; fileRef = CBF7161927E7590D00A96AFD /* MedicinaView.swift */; };
/* End PBXBuildFile section */

/* Begin PBXFileReference section */
		CB0F61D427E5E43C008A9AFF /* DetailMedicinasView.swift */ = {isa = PBXFileReference; lastKnownFileType = sourcecode.swift; path = DetailMedicinasView.swift; sourceTree = "<group>"; };
		CB0F61D627E5E5FF008A9AFF /* DetailMedicinasVM.swift */ = {isa = PBXFileReference; lastKnownFileType = sourcecode.swift; path = DetailMedicinasVM.swift; sourceTree = "<group>"; };
		CB0F61DA27E60769008A9AFF /* DateFormat.swift */ = {isa = PBXFileReference; lastKnownFileType = sourcecode.swift; path = DateFormat.swift; sourceTree = "<group>"; };
		CB0F61DC27E60FB0008A9AFF /* Notifications.swift */ = {isa = PBXFileReference; lastKnownFileType = sourcecode.swift; path = Notifications.swift; sourceTree = "<group>"; };
		CB0F61DE27E623D2008A9AFF /* AlertView.swift */ = {isa = PBXFileReference; lastKnownFileType = sourcecode.swift; path = AlertView.swift; sourceTree = "<group>"; };
		CB218D0A27BAD02400A719D8 /* MedicinasListView.swift */ = {isa = PBXFileReference; lastKnownFileType = sourcecode.swift; path = MedicinasListView.swift; sourceTree = "<group>"; };
		CB32826127EE6F3200CA70B1 /* DetalleMedicinaApiView.swift */ = {isa = PBXFileReference; lastKnownFileType = sourcecode.swift; path = DetalleMedicinaApiView.swift; sourceTree = "<group>"; };
		CB32826327EE735E00CA70B1 /* ImageViewSlider.swift */ = {isa = PBXFileReference; lastKnownFileType = sourcecode.swift; path = ImageViewSlider.swift; sourceTree = "<group>"; };
		CB32826527EE753500CA70B1 /* ImageSliderVM.swift */ = {isa = PBXFileReference; lastKnownFileType = sourcecode.swift; path = ImageSliderVM.swift; sourceTree = "<group>"; };
		CB4E444427FDDA4200506F6A /* KeyboardVM.swift */ = {isa = PBXFileReference; lastKnownFileType = sourcecode.swift; path = KeyboardVM.swift; sourceTree = "<group>"; };
		CB4E444627FDE2F000506F6A /* KeyboardButtons.swift */ = {isa = PBXFileReference; lastKnownFileType = sourcecode.swift; path = KeyboardButtons.swift; sourceTree = "<group>"; };
		CB7CAD9627A09D0A0009DAC7 /* Extensiones.swift */ = {isa = PBXFileReference; lastKnownFileType = sourcecode.swift; path = Extensiones.swift; sourceTree = "<group>"; };
		CBAD930C27CB88D600273D5E /* MedicinasAPIView.swift */ = {isa = PBXFileReference; lastKnownFileType = sourcecode.swift; path = MedicinasAPIView.swift; sourceTree = "<group>"; };
		CBAD930E27CB88FC00273D5E /* MedicinasAPIVM.swift */ = {isa = PBXFileReference; lastKnownFileType = sourcecode.swift; path = MedicinasAPIVM.swift; sourceTree = "<group>"; };
		CBAE85EB27A049C600E95536 /* PillApp.app */ = {isa = PBXFileReference; explicitFileType = wrapper.application; includeInIndex = 0; path = PillApp.app; sourceTree = BUILT_PRODUCTS_DIR; };
		CBAE85EE27A049C600E95536 /* PillAppApp.swift */ = {isa = PBXFileReference; lastKnownFileType = sourcecode.swift; path = PillAppApp.swift; sourceTree = "<group>"; };
		CBAE85F227A049C900E95536 /* Assets.xcassets */ = {isa = PBXFileReference; lastKnownFileType = folder.assetcatalog; path = Assets.xcassets; sourceTree = "<group>"; };
		CBAE85F527A049C900E95536 /* Preview Assets.xcassets */ = {isa = PBXFileReference; lastKnownFileType = folder.assetcatalog; path = "Preview Assets.xcassets"; sourceTree = "<group>"; };
		CBAE85F727A049C900E95536 /* Persistence.swift */ = {isa = PBXFileReference; lastKnownFileType = sourcecode.swift; path = Persistence.swift; sourceTree = "<group>"; };
		CBAE85FA27A049C900E95536 /* PillApp.xcdatamodel */ = {isa = PBXFileReference; lastKnownFileType = wrapper.xcdatamodel; path = PillApp.xcdatamodel; sourceTree = "<group>"; };
		CBAE860127A0501A00E95536 /* ContentView.swift */ = {isa = PBXFileReference; lastKnownFileType = sourcecode.swift; path = ContentView.swift; sourceTree = "<group>"; };
		CBAE860727A053F600E95536 /* Model.swift */ = {isa = PBXFileReference; lastKnownFileType = sourcecode.swift; path = Model.swift; sourceTree = "<group>"; };
		CBAE860927A0546E00E95536 /* MedicinasView.swift */ = {isa = PBXFileReference; lastKnownFileType = sourcecode.swift; path = MedicinasView.swift; sourceTree = "<group>"; };
		CBAE860B27A0547900E95536 /* MedicinasViewModel.swift */ = {isa = PBXFileReference; lastKnownFileType = sourcecode.swift; path = MedicinasViewModel.swift; sourceTree = "<group>"; };
		CBAE861127A0584800E95536 /* DayPickerView.swift */ = {isa = PBXFileReference; lastKnownFileType = sourcecode.swift; path = DayPickerView.swift; sourceTree = "<group>"; };
		CBAE861427A0587300E95536 /* DayPickerVM.swift */ = {isa = PBXFileReference; lastKnownFileType = sourcecode.swift; path = DayPickerVM.swift; sourceTree = "<group>"; };
		CBF6FFDF27F49C0600D2CF14 /* PdfReader.swift */ = {isa = PBXFileReference; lastKnownFileType = sourcecode.swift; path = PdfReader.swift; sourceTree = "<group>"; };
		CBF6FFE127F49F5100D2CF14 /* PdfView.swift */ = {isa = PBXFileReference; lastKnownFileType = sourcecode.swift; path = PdfView.swift; sourceTree = "<group>"; };
		CBF7161927E7590D00A96AFD /* MedicinaView.swift */ = {isa = PBXFileReference; lastKnownFileType = sourcecode.swift; path = MedicinaView.swift; sourceTree = "<group>"; };
/* End PBXFileReference section */

/* Begin PBXFrameworksBuildPhase section */
		CBAE85E827A049C600E95536 /* Frameworks */ = {
			isa = PBXFrameworksBuildPhase;
			buildActionMask = 2147483647;
			files = (
			);
			runOnlyForDeploymentPostprocessing = 0;
		};
/* End PBXFrameworksBuildPhase section */

/* Begin PBXGroup section */
		CB7CAD9527A09CF80009DAC7 /* Comun */ = {
			isa = PBXGroup;
			children = (
				CB7CAD9627A09D0A0009DAC7 /* Extensiones.swift */,
				CB0F61DA27E60769008A9AFF /* DateFormat.swift */,
				CB0F61DC27E60FB0008A9AFF /* Notifications.swift */,
			);
			path = Comun;
			sourceTree = "<group>";
		};
		CBAE85E227A049C600E95536 = {
			isa = PBXGroup;
			children = (
				CBAE85ED27A049C600E95536 /* PillApp */,
				CBAE85EC27A049C600E95536 /* Products */,
			);
			sourceTree = "<group>";
		};
		CBAE85EC27A049C600E95536 /* Products */ = {
			isa = PBXGroup;
			children = (
				CBAE85EB27A049C600E95536 /* PillApp.app */,
			);
			name = Products;
			sourceTree = "<group>";
		};
		CBAE85ED27A049C600E95536 /* PillApp */ = {
			isa = PBXGroup;
			children = (
				CB7CAD9527A09CF80009DAC7 /* Comun */,
				CBAE860627A053E200E95536 /* ViewModel */,
				CBAE860527A053DE00E95536 /* Model */,
				CBAE860427A053DA00E95536 /* View */,
				CBAE85EE27A049C600E95536 /* PillAppApp.swift */,
				CBAE85F227A049C900E95536 /* Assets.xcassets */,
				CBAE85F727A049C900E95536 /* Persistence.swift */,
				CBAE85F927A049C900E95536 /* PillApp.xcdatamodeld */,
				CBAE860127A0501A00E95536 /* ContentView.swift */,
				CBAE85F427A049C900E95536 /* Preview Content */,
			);
			path = PillApp;
			sourceTree = "<group>";
		};
		CBAE85F427A049C900E95536 /* Preview Content */ = {
			isa = PBXGroup;
			children = (
				CBAE85F527A049C900E95536 /* Preview Assets.xcassets */,
			);
			path = "Preview Content";
			sourceTree = "<group>";
		};
		CBAE860327A053CD00E95536 /* Medicinas */ = {
			isa = PBXGroup;
			children = (
				CBAE860927A0546E00E95536 /* MedicinasView.swift */,
				CB218D0A27BAD02400A719D8 /* MedicinasListView.swift */,
				CB0F61D427E5E43C008A9AFF /* DetailMedicinasView.swift */,
				CBF7161927E7590D00A96AFD /* MedicinaView.swift */,
			);
			path = Medicinas;
			sourceTree = "<group>";
		};
		CBAE860427A053DA00E95536 /* View */ = {
			isa = PBXGroup;
			children = (
				CBAE861027A057FD00E95536 /* Comun */,
				CBAE860D27A054C600E95536 /* MedicinasAPI */,
				CBAE860327A053CD00E95536 /* Medicinas */,
			);
			path = View;
			sourceTree = "<group>";
		};
		CBAE860527A053DE00E95536 /* Model */ = {
			isa = PBXGroup;
			children = (
				CBAE860727A053F600E95536 /* Model.swift */,
			);
			path = Model;
			sourceTree = "<group>";
		};
		CBAE860627A053E200E95536 /* ViewModel */ = {
			isa = PBXGroup;
			children = (
				CBAE861327A0586600E95536 /* Comun */,
				CBAE860F27A054DC00E95536 /* MedicinasAPI */,
				CBAE860E27A054CF00E95536 /* Medicinas */,
			);
			path = ViewModel;
			sourceTree = "<group>";
		};
		CBAE860D27A054C600E95536 /* MedicinasAPI */ = {
			isa = PBXGroup;
			children = (
				CBAD930C27CB88D600273D5E /* MedicinasAPIView.swift */,
				CB32826127EE6F3200CA70B1 /* DetalleMedicinaApiView.swift */,
				CBF6FFE127F49F5100D2CF14 /* PdfView.swift */,
			);
			path = MedicinasAPI;
			sourceTree = "<group>";
		};
		CBAE860E27A054CF00E95536 /* Medicinas */ = {
			isa = PBXGroup;
			children = (
				CBAE860B27A0547900E95536 /* MedicinasViewModel.swift */,
				CB0F61D627E5E5FF008A9AFF /* DetailMedicinasVM.swift */,
			);
			path = Medicinas;
			sourceTree = "<group>";
		};
		CBAE860F27A054DC00E95536 /* MedicinasAPI */ = {
			isa = PBXGroup;
			children = (
				CBAD930E27CB88FC00273D5E /* MedicinasAPIVM.swift */,
			);
			path = MedicinasAPI;
			sourceTree = "<group>";
		};
		CBAE861027A057FD00E95536 /* Comun */ = {
			isa = PBXGroup;
			children = (
				CB32826327EE735E00CA70B1 /* ImageViewSlider.swift */,
				CBAE861127A0584800E95536 /* DayPickerView.swift */,
				CB0F61DE27E623D2008A9AFF /* AlertView.swift */,
				CBF6FFDF27F49C0600D2CF14 /* PdfReader.swift */,
				CB4E444627FDE2F000506F6A /* KeyboardButtons.swift */,
			);
			path = Comun;
			sourceTree = "<group>";
		};
		CBAE861327A0586600E95536 /* Comun */ = {
			isa = PBXGroup;
			children = (
				CBAE861427A0587300E95536 /* DayPickerVM.swift */,
				CB32826527EE753500CA70B1 /* ImageSliderVM.swift */,
				CB4E444427FDDA4200506F6A /* KeyboardVM.swift */,
			);
			path = Comun;
			sourceTree = "<group>";
		};
/* End PBXGroup section */

/* Begin PBXNativeTarget section */
		CBAE85EA27A049C600E95536 /* PillApp */ = {
			isa = PBXNativeTarget;
			buildConfigurationList = CBAE85FE27A049C900E95536 /* Build configuration list for PBXNativeTarget "PillApp" */;
			buildPhases = (
				CBAE85E727A049C600E95536 /* Sources */,
				CBAE85E827A049C600E95536 /* Frameworks */,
				CBAE85E927A049C600E95536 /* Resources */,
			);
			buildRules = (
			);
			dependencies = (
			);
			name = PillApp;
			productName = PillApp;
			productReference = CBAE85EB27A049C600E95536 /* PillApp.app */;
			productType = "com.apple.product-type.application";
		};
/* End PBXNativeTarget section */

/* Begin PBXProject section */
		CBAE85E327A049C600E95536 /* Project object */ = {
			isa = PBXProject;
			attributes = {
				BuildIndependentTargetsInParallel = 1;
				LastSwiftUpdateCheck = 1310;
				LastUpgradeCheck = 1310;
				TargetAttributes = {
					CBAE85EA27A049C600E95536 = {
						CreatedOnToolsVersion = 13.1;
					};
				};
			};
			buildConfigurationList = CBAE85E627A049C600E95536 /* Build configuration list for PBXProject "PillApp" */;
			compatibilityVersion = "Xcode 13.0";
			developmentRegion = en;
			hasScannedForEncodings = 0;
			knownRegions = (
				en,
				Base,
			);
			mainGroup = CBAE85E227A049C600E95536;
			productRefGroup = CBAE85EC27A049C600E95536 /* Products */;
			projectDirPath = "";
			projectRoot = "";
			targets = (
				CBAE85EA27A049C600E95536 /* PillApp */,
			);
		};
/* End PBXProject section */

/* Begin PBXResourcesBuildPhase section */
		CBAE85E927A049C600E95536 /* Resources */ = {
			isa = PBXResourcesBuildPhase;
			buildActionMask = 2147483647;
			files = (
				CBAE85F627A049C900E95536 /* Preview Assets.xcassets in Resources */,
				CBAE85F327A049C900E95536 /* Assets.xcassets in Resources */,
			);
			runOnlyForDeploymentPostprocessing = 0;
		};
/* End PBXResourcesBuildPhase section */

/* Begin PBXSourcesBuildPhase section */
		CBAE85E727A049C600E95536 /* Sources */ = {
			isa = PBXSourcesBuildPhase;
			buildActionMask = 2147483647;
			files = (
				CBAE860C27A0547900E95536 /* MedicinasViewModel.swift in Sources */,
				CB218D0B27BAD02400A719D8 /* MedicinasListView.swift in Sources */,
				CBAE860827A053F600E95536 /* Model.swift in Sources */,
				CBAD930D27CB88D700273D5E /* MedicinasAPIView.swift in Sources */,
				CB4E444727FDE2F000506F6A /* KeyboardButtons.swift in Sources */,
				CBAD930F27CB88FC00273D5E /* MedicinasAPIVM.swift in Sources */,
				CBF6FFE227F49F5100D2CF14 /* PdfView.swift in Sources */,
				CB0F61DB27E60769008A9AFF /* DateFormat.swift in Sources */,
				CBAE85F827A049C900E95536 /* Persistence.swift in Sources */,
				CB7CAD9727A09D0A0009DAC7 /* Extensiones.swift in Sources */,
				CB0F61D527E5E43C008A9AFF /* DetailMedicinasView.swift in Sources */,
				CB32826627EE753500CA70B1 /* ImageSliderVM.swift in Sources */,
				CBAE85FB27A049C900E95536 /* PillApp.xcdatamodeld in Sources */,
				CBAE860227A0501A00E95536 /* ContentView.swift in Sources */,
				CB4E444527FDDA4200506F6A /* KeyboardVM.swift in Sources */,
				CB0F61DF27E623D2008A9AFF /* AlertView.swift in Sources */,
				CBAE861227A0584800E95536 /* DayPickerView.swift in Sources */,
				CB0F61DD27E60FB0008A9AFF /* Notifications.swift in Sources */,
				CBF6FFE027F49C0600D2CF14 /* PdfReader.swift in Sources */,
				CB32826427EE735E00CA70B1 /* ImageViewSlider.swift in Sources */,
				CBAE861527A0587300E95536 /* DayPickerVM.swift in Sources */,
				CBAE860A27A0546E00E95536 /* MedicinasView.swift in Sources */,
				CB32826227EE6F3200CA70B1 /* DetalleMedicinaApiView.swift in Sources */,
				CBAE85EF27A049C600E95536 /* PillAppApp.swift in Sources */,
				CB0F61D727E5E5FF008A9AFF /* DetailMedicinasVM.swift in Sources */,
				CBF7161A27E7590D00A96AFD /* MedicinaView.swift in Sources */,
			);
			runOnlyForDeploymentPostprocessing = 0;
		};
/* End PBXSourcesBuildPhase section */

/* Begin XCBuildConfiguration section */
		CBAE85FC27A049C900E95536 /* Debug */ = {
			isa = XCBuildConfiguration;
			buildSettings = {
				ALWAYS_SEARCH_USER_PATHS = NO;
				CLANG_ANALYZER_NONNULL = YES;
				CLANG_ANALYZER_NUMBER_OBJECT_CONVERSION = YES_AGGRESSIVE;
				CLANG_CXX_LANGUAGE_STANDARD = "gnu++17";
				CLANG_CXX_LIBRARY = "libc++";
				CLANG_ENABLE_MODULES = YES;
				CLANG_ENABLE_OBJC_ARC = YES;
				CLANG_ENABLE_OBJC_WEAK = YES;
				CLANG_WARN_BLOCK_CAPTURE_AUTORELEASING = YES;
				CLANG_WARN_BOOL_CONVERSION = YES;
				CLANG_WARN_COMMA = YES;
				CLANG_WARN_CONSTANT_CONVERSION = YES;
				CLANG_WARN_DEPRECATED_OBJC_IMPLEMENTATIONS = YES;
				CLANG_WARN_DIRECT_OBJC_ISA_USAGE = YES_ERROR;
				CLANG_WARN_DOCUMENTATION_COMMENTS = YES;
				CLANG_WARN_EMPTY_BODY = YES;
				CLANG_WARN_ENUM_CONVERSION = YES;
				CLANG_WARN_INFINITE_RECURSION = YES;
				CLANG_WARN_INT_CONVERSION = YES;
				CLANG_WARN_NON_LITERAL_NULL_CONVERSION = YES;
				CLANG_WARN_OBJC_IMPLICIT_RETAIN_SELF = YES;
				CLANG_WARN_OBJC_LITERAL_CONVERSION = YES;
				CLANG_WARN_OBJC_ROOT_CLASS = YES_ERROR;
				CLANG_WARN_QUOTED_INCLUDE_IN_FRAMEWORK_HEADER = YES;
				CLANG_WARN_RANGE_LOOP_ANALYSIS = YES;
				CLANG_WARN_STRICT_PROTOTYPES = YES;
				CLANG_WARN_SUSPICIOUS_MOVE = YES;
				CLANG_WARN_UNGUARDED_AVAILABILITY = YES_AGGRESSIVE;
				CLANG_WARN_UNREACHABLE_CODE = YES;
				CLANG_WARN__DUPLICATE_METHOD_MATCH = YES;
				COPY_PHASE_STRIP = NO;
				DEBUG_INFORMATION_FORMAT = dwarf;
				ENABLE_STRICT_OBJC_MSGSEND = YES;
				ENABLE_TESTABILITY = YES;
				GCC_C_LANGUAGE_STANDARD = gnu11;
				GCC_DYNAMIC_NO_PIC = NO;
				GCC_NO_COMMON_BLOCKS = YES;
				GCC_OPTIMIZATION_LEVEL = 0;
				GCC_PREPROCESSOR_DEFINITIONS = (
					"DEBUG=1",
					"$(inherited)",
				);
				GCC_WARN_64_TO_32_BIT_CONVERSION = YES;
				GCC_WARN_ABOUT_RETURN_TYPE = YES_ERROR;
				GCC_WARN_UNDECLARED_SELECTOR = YES;
				GCC_WARN_UNINITIALIZED_AUTOS = YES_AGGRESSIVE;
				GCC_WARN_UNUSED_FUNCTION = YES;
				GCC_WARN_UNUSED_VARIABLE = YES;
				IPHONEOS_DEPLOYMENT_TARGET = 15.0;
				MTL_ENABLE_DEBUG_INFO = INCLUDE_SOURCE;
				MTL_FAST_MATH = YES;
				ONLY_ACTIVE_ARCH = YES;
				SDKROOT = iphoneos;
				SWIFT_ACTIVE_COMPILATION_CONDITIONS = DEBUG;
				SWIFT_OPTIMIZATION_LEVEL = "-Onone";
			};
			name = Debug;
		};
		CBAE85FD27A049C900E95536 /* Release */ = {
			isa = XCBuildConfiguration;
			buildSettings = {
				ALWAYS_SEARCH_USER_PATHS = NO;
				CLANG_ANALYZER_NONNULL = YES;
				CLANG_ANALYZER_NUMBER_OBJECT_CONVERSION = YES_AGGRESSIVE;
				CLANG_CXX_LANGUAGE_STANDARD = "gnu++17";
				CLANG_CXX_LIBRARY = "libc++";
				CLANG_ENABLE_MODULES = YES;
				CLANG_ENABLE_OBJC_ARC = YES;
				CLANG_ENABLE_OBJC_WEAK = YES;
				CLANG_WARN_BLOCK_CAPTURE_AUTORELEASING = YES;
				CLANG_WARN_BOOL_CONVERSION = YES;
				CLANG_WARN_COMMA = YES;
				CLANG_WARN_CONSTANT_CONVERSION = YES;
				CLANG_WARN_DEPRECATED_OBJC_IMPLEMENTATIONS = YES;
				CLANG_WARN_DIRECT_OBJC_ISA_USAGE = YES_ERROR;
				CLANG_WARN_DOCUMENTATION_COMMENTS = YES;
				CLANG_WARN_EMPTY_BODY = YES;
				CLANG_WARN_ENUM_CONVERSION = YES;
				CLANG_WARN_INFINITE_RECURSION = YES;
				CLANG_WARN_INT_CONVERSION = YES;
				CLANG_WARN_NON_LITERAL_NULL_CONVERSION = YES;
				CLANG_WARN_OBJC_IMPLICIT_RETAIN_SELF = YES;
				CLANG_WARN_OBJC_LITERAL_CONVERSION = YES;
				CLANG_WARN_OBJC_ROOT_CLASS = YES_ERROR;
				CLANG_WARN_QUOTED_INCLUDE_IN_FRAMEWORK_HEADER = YES;
				CLANG_WARN_RANGE_LOOP_ANALYSIS = YES;
				CLANG_WARN_STRICT_PROTOTYPES = YES;
				CLANG_WARN_SUSPICIOUS_MOVE = YES;
				CLANG_WARN_UNGUARDED_AVAILABILITY = YES_AGGRESSIVE;
				CLANG_WARN_UNREACHABLE_CODE = YES;
				CLANG_WARN__DUPLICATE_METHOD_MATCH = YES;
				COPY_PHASE_STRIP = NO;
				DEBUG_INFORMATION_FORMAT = "dwarf-with-dsym";
				ENABLE_NS_ASSERTIONS = NO;
				ENABLE_STRICT_OBJC_MSGSEND = YES;
				GCC_C_LANGUAGE_STANDARD = gnu11;
				GCC_NO_COMMON_BLOCKS = YES;
				GCC_WARN_64_TO_32_BIT_CONVERSION = YES;
				GCC_WARN_ABOUT_RETURN_TYPE = YES_ERROR;
				GCC_WARN_UNDECLARED_SELECTOR = YES;
				GCC_WARN_UNINITIALIZED_AUTOS = YES_AGGRESSIVE;
				GCC_WARN_UNUSED_FUNCTION = YES;
				GCC_WARN_UNUSED_VARIABLE = YES;
				IPHONEOS_DEPLOYMENT_TARGET = 15.0;
				MTL_ENABLE_DEBUG_INFO = NO;
				MTL_FAST_MATH = YES;
				SDKROOT = iphoneos;
				SWIFT_COMPILATION_MODE = wholemodule;
				SWIFT_OPTIMIZATION_LEVEL = "-O";
				VALIDATE_PRODUCT = YES;
			};
			name = Release;
		};
		CBAE85FF27A049C900E95536 /* Debug */ = {
			isa = XCBuildConfiguration;
			buildSettings = {
				ASSETCATALOG_COMPILER_APPICON_NAME = AppIcon;
				ASSETCATALOG_COMPILER_GLOBAL_ACCENT_COLOR_NAME = AccentColor;
				CODE_SIGN_STYLE = Automatic;
				CURRENT_PROJECT_VERSION = 1;
				DEVELOPMENT_ASSET_PATHS = "\"PillApp/Preview Content\"";
				DEVELOPMENT_TEAM = 5Q3AH9TS7A;
				ENABLE_PREVIEWS = YES;
				GENERATE_INFOPLIST_FILE = YES;
				INFOPLIST_KEY_UIApplicationSceneManifest_Generation = YES;
				INFOPLIST_KEY_UIApplicationSupportsIndirectInputEvents = YES;
				INFOPLIST_KEY_UILaunchScreen_Generation = YES;
				INFOPLIST_KEY_UISupportedInterfaceOrientations_iPad = "UIInterfaceOrientationPortrait UIInterfaceOrientationPortraitUpsideDown UIInterfaceOrientationLandscapeLeft UIInterfaceOrientationLandscapeRight";
				INFOPLIST_KEY_UISupportedInterfaceOrientations_iPhone = "UIInterfaceOrientationPortrait UIInterfaceOrientationLandscapeLeft UIInterfaceOrientationLandscapeRight";
				LD_RUNPATH_SEARCH_PATHS = (
					"$(inherited)",
					"@executable_path/Frameworks",
				);
				MARKETING_VERSION = 1.0;
				PRODUCT_BUNDLE_IDENTIFIER = com.emartinl.PillApp;
				PRODUCT_NAME = "$(TARGET_NAME)";
				SWIFT_EMIT_LOC_STRINGS = YES;
				SWIFT_VERSION = 5.0;
				TARGETED_DEVICE_FAMILY = "1,2";
			};
			name = Debug;
		};
		CBAE860027A049C900E95536 /* Release */ = {
			isa = XCBuildConfiguration;
			buildSettings = {
				ASSETCATALOG_COMPILER_APPICON_NAME = AppIcon;
				ASSETCATALOG_COMPILER_GLOBAL_ACCENT_COLOR_NAME = AccentColor;
				CODE_SIGN_STYLE = Automatic;
				CURRENT_PROJECT_VERSION = 1;
				DEVELOPMENT_ASSET_PATHS = "\"PillApp/Preview Content\"";
				DEVELOPMENT_TEAM = 5Q3AH9TS7A;
				ENABLE_PREVIEWS = YES;
				GENERATE_INFOPLIST_FILE = YES;
				INFOPLIST_KEY_UIApplicationSceneManifest_Generation = YES;
				INFOPLIST_KEY_UIApplicationSupportsIndirectInputEvents = YES;
				INFOPLIST_KEY_UILaunchScreen_Generation = YES;
				INFOPLIST_KEY_UISupportedInterfaceOrientations_iPad = "UIInterfaceOrientationPortrait UIInterfaceOrientationPortraitUpsideDown UIInterfaceOrientationLandscapeLeft UIInterfaceOrientationLandscapeRight";
				INFOPLIST_KEY_UISupportedInterfaceOrientations_iPhone = "UIInterfaceOrientationPortrait UIInterfaceOrientationLandscapeLeft UIInterfaceOrientationLandscapeRight";
				LD_RUNPATH_SEARCH_PATHS = (
					"$(inherited)",
					"@executable_path/Frameworks",
				);
				MARKETING_VERSION = 1.0;
				PRODUCT_BUNDLE_IDENTIFIER = com.emartinl.PillApp;
				PRODUCT_NAME = "$(TARGET_NAME)";
				SWIFT_EMIT_LOC_STRINGS = YES;
				SWIFT_VERSION = 5.0;
				TARGETED_DEVICE_FAMILY = "1,2";
			};
			name = Release;
		};
/* End XCBuildConfiguration section */

/* Begin XCConfigurationList section */
		CBAE85E627A049C600E95536 /* Build configuration list for PBXProject "PillApp" */ = {
			isa = XCConfigurationList;
			buildConfigurations = (
				CBAE85FC27A049C900E95536 /* Debug */,
				CBAE85FD27A049C900E95536 /* Release */,
			);
			defaultConfigurationIsVisible = 0;
			defaultConfigurationName = Release;
		};
		CBAE85FE27A049C900E95536 /* Build configuration list for PBXNativeTarget "PillApp" */ = {
			isa = XCConfigurationList;
			buildConfigurations = (
				CBAE85FF27A049C900E95536 /* Debug */,
				CBAE860027A049C900E95536 /* Release */,
			);
			defaultConfigurationIsVisible = 0;
			defaultConfigurationName = Release;
		};
/* End XCConfigurationList section */

/* Begin XCVersionGroup section */
		CBAE85F927A049C900E95536 /* PillApp.xcdatamodeld */ = {
			isa = XCVersionGroup;
			children = (
				CBAE85FA27A049C900E95536 /* PillApp.xcdatamodel */,
			);
			currentVersion = CBAE85FA27A049C900E95536 /* PillApp.xcdatamodel */;
			path = PillApp.xcdatamodeld;
			sourceTree = "<group>";
			versionGroupType = wrapper.xcdatamodel;
		};
/* End XCVersionGroup section */
	};
	rootObject = CBAE85E327A049C600E95536 /* Project object */;
}
